
Microsoft Visual Studio Solution File, Format Version 12.00
# Visual Studio Version 16
VisualStudioVersion = 16.0.29509.3
MinimumVisualStudioVersion = 10.0.40219.1
Project("{F184B08F-C81C-45F6-A57F-5ABD9991F28F}") = "WebApplication2", "WebApplication2\WebApplication2.vbproj", "{1A33561A-DA76-488E-98CC-28C395A00E14}"
EndProject
Global
	GlobalSection(SolutionConfigurationPlatforms) = preSolution
		Debug|Any CPU = Debug|Any CPU
		Release|Any CPU = Release|Any CPU
	EndGlobalSection
	GlobalSection(ProjectConfigurationPlatforms) = postSolution
		{1A33561A-DA76-488E-98CC-28C395A00E14}.Debug|Any CPU.ActiveCfg = Debug|Any CPU
		{1A33561A-DA76-488E-98CC-28C395A00E14}.Debug|Any CPU.Build.0 = Debug|Any CPU
		{1A33561A-DA76-488E-98CC-28C395A00E14}.Release|Any CPU.ActiveCfg = Release|Any CPU
		{1A33561A-DA76-488E-98CC-28C395A00E14}.Release|Any CPU.Build.0 = Release|Any CPU
	EndGlobalSection
	GlobalSection(SolutionProperties) = preSolution
		HideSolutionNode = FALSE
	EndGlobalSection
	GlobalSection(ExtensibilityGlobals) = postSolution
		SolutionGuid = {736D7795-9AFB-4ABB-99A8-F4151A8B8A9C}
	EndGlobalSection
EndGlobal
